
Microsoft Visual Studio Solution File, Format Version 12.00
# Visual Studio Version 16
VisualStudioVersion = 16.0.30114.105
MinimumVisualStudioVersion = 10.0.40219.1
Project("{2150E333-8FDC-42A3-9474-1A3956D46DE8}") = "src", "src", "{6106C1A2-0C82-46F2-A6CD-3F92EBED7CB4}"
EndProject
Project("{FAE04EC0-301F-11D3-BF4B-00C04F79EFBC}") = "DevnotMentor.WebAPI", "src\DevnotMentor.WebAPI\DevnotMentor.WebAPI.csproj", "{A50B6EF0-9F62-4425-B7EF-DEFB008D5A8A}"
EndProject
Project("{FAE04EC0-301F-11D3-BF4B-00C04F79EFBC}") = "DevnotMentor.Common", "src\DevnotMentor.Common\DevnotMentor.Common.csproj", "{3A8ED797-5EFA-4A65-8C98-1DBD63034B60}"
EndProject
Project("{FAE04EC0-301F-11D3-BF4B-00C04F79EFBC}") = "DevnotMentor.Configurations", "src\DevnotMentor.Configurations\DevnotMentor.Configurations.csproj", "{BCCDAFBE-C4F1-4BB3-B237-8058F5B4A5F0}"
EndProject
Project("{FAE04EC0-301F-11D3-BF4B-00C04F79EFBC}") = "DevnotMentor.Business", "src\DevnotMentor.Business\DevnotMentor.Business.csproj", "{80F9AF09-53F9-4A69-8667-F90CCA732712}"
EndProject
Project("{FAE04EC0-301F-11D3-BF4B-00C04F79EFBC}") = "DevnotMentor.Data", "src\DevnotMentor.Data\DevnotMentor.Data.csproj", "{6B03CC87-D7B4-4922-88B7-B5858C0D1999}"
EndProject
Project("{FAE04EC0-301F-11D3-BF4B-00C04F79EFBC}") = "DevnotMentor.Test", "test\DevnotMentor.Test.csproj", "{7EAD6D08-4447-4CF0-A562-D0159797A2DB}"
EndProject
Global
	GlobalSection(SolutionConfigurationPlatforms) = preSolution
		Debug|Any CPU = Debug|Any CPU
		Debug|x64 = Debug|x64
		Debug|x86 = Debug|x86
		Release|Any CPU = Release|Any CPU
		Release|x64 = Release|x64
		Release|x86 = Release|x86
	EndGlobalSection
	GlobalSection(SolutionProperties) = preSolution
		HideSolutionNode = FALSE
	EndGlobalSection
	GlobalSection(ProjectConfigurationPlatforms) = postSolution
		{A50B6EF0-9F62-4425-B7EF-DEFB008D5A8A}.Debug|Any CPU.ActiveCfg = Debug|Any CPU
		{A50B6EF0-9F62-4425-B7EF-DEFB008D5A8A}.Debug|Any CPU.Build.0 = Debug|Any CPU
		{A50B6EF0-9F62-4425-B7EF-DEFB008D5A8A}.Debug|x64.ActiveCfg = Debug|Any CPU
		{A50B6EF0-9F62-4425-B7EF-DEFB008D5A8A}.Debug|x64.Build.0 = Debug|Any CPU
		{A50B6EF0-9F62-4425-B7EF-DEFB008D5A8A}.Debug|x86.ActiveCfg = Debug|Any CPU
		{A50B6EF0-9F62-4425-B7EF-DEFB008D5A8A}.Debug|x86.Build.0 = Debug|Any CPU
		{A50B6EF0-9F62-4425-B7EF-DEFB008D5A8A}.Release|Any CPU.ActiveCfg = Release|Any CPU
		{A50B6EF0-9F62-4425-B7EF-DEFB008D5A8A}.Release|Any CPU.Build.0 = Release|Any CPU
		{A50B6EF0-9F62-4425-B7EF-DEFB008D5A8A}.Release|x64.ActiveCfg = Release|Any CPU
		{A50B6EF0-9F62-4425-B7EF-DEFB008D5A8A}.Release|x64.Build.0 = Release|Any CPU
		{A50B6EF0-9F62-4425-B7EF-DEFB008D5A8A}.Release|x86.ActiveCfg = Release|Any CPU
		{A50B6EF0-9F62-4425-B7EF-DEFB008D5A8A}.Release|x86.Build.0 = Release|Any CPU
		{3A8ED797-5EFA-4A65-8C98-1DBD63034B60}.Debug|Any CPU.ActiveCfg = Debug|Any CPU
		{3A8ED797-5EFA-4A65-8C98-1DBD63034B60}.Debug|Any CPU.Build.0 = Debug|Any CPU
		{3A8ED797-5EFA-4A65-8C98-1DBD63034B60}.Debug|x64.ActiveCfg = Debug|Any CPU
		{3A8ED797-5EFA-4A65-8C98-1DBD63034B60}.Debug|x64.Build.0 = Debug|Any CPU
		{3A8ED797-5EFA-4A65-8C98-1DBD63034B60}.Debug|x86.ActiveCfg = Debug|Any CPU
		{3A8ED797-5EFA-4A65-8C98-1DBD63034B60}.Debug|x86.Build.0 = Debug|Any CPU
		{3A8ED797-5EFA-4A65-8C98-1DBD63034B60}.Release|Any CPU.ActiveCfg = Release|Any CPU
		{3A8ED797-5EFA-4A65-8C98-1DBD63034B60}.Release|Any CPU.Build.0 = Release|Any CPU
		{3A8ED797-5EFA-4A65-8C98-1DBD63034B60}.Release|x64.ActiveCfg = Release|Any CPU
		{3A8ED797-5EFA-4A65-8C98-1DBD63034B60}.Release|x64.Build.0 = Release|Any CPU
		{3A8ED797-5EFA-4A65-8C98-1DBD63034B60}.Release|x86.ActiveCfg = Release|Any CPU
		{3A8ED797-5EFA-4A65-8C98-1DBD63034B60}.Release|x86.Build.0 = Release|Any CPU
		{BCCDAFBE-C4F1-4BB3-B237-8058F5B4A5F0}.Debug|Any CPU.ActiveCfg = Debug|Any CPU
		{BCCDAFBE-C4F1-4BB3-B237-8058F5B4A5F0}.Debug|Any CPU.Build.0 = Debug|Any CPU
		{BCCDAFBE-C4F1-4BB3-B237-8058F5B4A5F0}.Debug|x64.ActiveCfg = Debug|Any CPU
		{BCCDAFBE-C4F1-4BB3-B237-8058F5B4A5F0}.Debug|x64.Build.0 = Debug|Any CPU
		{BCCDAFBE-C4F1-4BB3-B237-8058F5B4A5F0}.Debug|x86.ActiveCfg = Debug|Any CPU
		{BCCDAFBE-C4F1-4BB3-B237-8058F5B4A5F0}.Debug|x86.Build.0 = Debug|Any CPU
		{BCCDAFBE-C4F1-4BB3-B237-8058F5B4A5F0}.Release|Any CPU.ActiveCfg = Release|Any CPU
		{BCCDAFBE-C4F1-4BB3-B237-8058F5B4A5F0}.Release|Any CPU.Build.0 = Release|Any CPU
		{BCCDAFBE-C4F1-4BB3-B237-8058F5B4A5F0}.Release|x64.ActiveCfg = Release|Any CPU
		{BCCDAFBE-C4F1-4BB3-B237-8058F5B4A5F0}.Release|x64.Build.0 = Release|Any CPU
		{BCCDAFBE-C4F1-4BB3-B237-8058F5B4A5F0}.Release|x86.ActiveCfg = Release|Any CPU
		{BCCDAFBE-C4F1-4BB3-B237-8058F5B4A5F0}.Release|x86.Build.0 = Release|Any CPU
		{80F9AF09-53F9-4A69-8667-F90CCA732712}.Debug|Any CPU.ActiveCfg = Debug|Any CPU
		{80F9AF09-53F9-4A69-8667-F90CCA732712}.Debug|Any CPU.Build.0 = Debug|Any CPU
		{80F9AF09-53F9-4A69-8667-F90CCA732712}.Debug|x64.ActiveCfg = Debug|Any CPU
		{80F9AF09-53F9-4A69-8667-F90CCA732712}.Debug|x64.Build.0 = Debug|Any CPU
		{80F9AF09-53F9-4A69-8667-F90CCA732712}.Debug|x86.ActiveCfg = Debug|Any CPU
		{80F9AF09-53F9-4A69-8667-F90CCA732712}.Debug|x86.Build.0 = Debug|Any CPU
		{80F9AF09-53F9-4A69-8667-F90CCA732712}.Release|Any CPU.ActiveCfg = Release|Any CPU
		{80F9AF09-53F9-4A69-8667-F90CCA732712}.Release|Any CPU.Build.0 = Release|Any CPU
		{80F9AF09-53F9-4A69-8667-F90CCA732712}.Release|x64.ActiveCfg = Release|Any CPU
		{80F9AF09-53F9-4A69-8667-F90CCA732712}.Release|x64.Build.0 = Release|Any CPU
		{80F9AF09-53F9-4A69-8667-F90CCA732712}.Release|x86.ActiveCfg = Release|Any CPU
		{80F9AF09-53F9-4A69-8667-F90CCA732712}.Release|x86.Build.0 = Release|Any CPU
		{6B03CC87-D7B4-4922-88B7-B5858C0D1999}.Debug|Any CPU.ActiveCfg = Debug|Any CPU
		{6B03CC87-D7B4-4922-88B7-B5858C0D1999}.Debug|Any CPU.Build.0 = Debug|Any CPU
		{6B03CC87-D7B4-4922-88B7-B5858C0D1999}.Debug|x64.ActiveCfg = Debug|Any CPU
		{6B03CC87-D7B4-4922-88B7-B5858C0D1999}.Debug|x64.Build.0 = Debug|Any CPU
		{6B03CC87-D7B4-4922-88B7-B5858C0D1999}.Debug|x86.ActiveCfg = Debug|Any CPU
		{6B03CC87-D7B4-4922-88B7-B5858C0D1999}.Debug|x86.Build.0 = Debug|Any CPU
		{6B03CC87-D7B4-4922-88B7-B5858C0D1999}.Release|Any CPU.ActiveCfg = Release|Any CPU
		{6B03CC87-D7B4-4922-88B7-B5858C0D1999}.Release|Any CPU.Build.0 = Release|Any CPU
		{6B03CC87-D7B4-4922-88B7-B5858C0D1999}.Release|x64.ActiveCfg = Release|Any CPU
		{6B03CC87-D7B4-4922-88B7-B5858C0D1999}.Release|x64.Build.0 = Release|Any CPU
		{6B03CC87-D7B4-4922-88B7-B5858C0D1999}.Release|x86.ActiveCfg = Release|Any CPU
		{6B03CC87-D7B4-4922-88B7-B5858C0D1999}.Release|x86.Build.0 = Release|Any CPU
		{7EAD6D08-4447-4CF0-A562-D0159797A2DB}.Debug|Any CPU.ActiveCfg = Debug|Any CPU
		{7EAD6D08-4447-4CF0-A562-D0159797A2DB}.Debug|Any CPU.Build.0 = Debug|Any CPU
		{7EAD6D08-4447-4CF0-A562-D0159797A2DB}.Debug|x64.ActiveCfg = Debug|Any CPU
		{7EAD6D08-4447-4CF0-A562-D0159797A2DB}.Debug|x64.Build.0 = Debug|Any CPU
		{7EAD6D08-4447-4CF0-A562-D0159797A2DB}.Debug|x86.ActiveCfg = Debug|Any CPU
		{7EAD6D08-4447-4CF0-A562-D0159797A2DB}.Debug|x86.Build.0 = Debug|Any CPU
		{7EAD6D08-4447-4CF0-A562-D0159797A2DB}.Release|Any CPU.ActiveCfg = Release|Any CPU
		{7EAD6D08-4447-4CF0-A562-D0159797A2DB}.Release|Any CPU.Build.0 = Release|Any CPU
		{7EAD6D08-4447-4CF0-A562-D0159797A2DB}.Release|x64.ActiveCfg = Release|Any CPU
		{7EAD6D08-4447-4CF0-A562-D0159797A2DB}.Release|x64.Build.0 = Release|Any CPU
		{7EAD6D08-4447-4CF0-A562-D0159797A2DB}.Release|x86.ActiveCfg = Release|Any CPU
		{7EAD6D08-4447-4CF0-A562-D0159797A2DB}.Release|x86.Build.0 = Release|Any CPU
	EndGlobalSection
	GlobalSection(NestedProjects) = preSolution
		{A50B6EF0-9F62-4425-B7EF-DEFB008D5A8A} = {6106C1A2-0C82-46F2-A6CD-3F92EBED7CB4}
		{3A8ED797-5EFA-4A65-8C98-1DBD63034B60} = {6106C1A2-0C82-46F2-A6CD-3F92EBED7CB4}
		{BCCDAFBE-C4F1-4BB3-B237-8058F5B4A5F0} = {6106C1A2-0C82-46F2-A6CD-3F92EBED7CB4}
		{80F9AF09-53F9-4A69-8667-F90CCA732712} = {6106C1A2-0C82-46F2-A6CD-3F92EBED7CB4}
		{6B03CC87-D7B4-4922-88B7-B5858C0D1999} = {6106C1A2-0C82-46F2-A6CD-3F92EBED7CB4}
	EndGlobalSection
EndGlobal
