
Microsoft Visual Studio Solution File, Format Version 12.00
# Visual Studio Version 16
VisualStudioVersion = 16.0.30011.22
MinimumVisualStudioVersion = 10.0.40219.1
Project("{9A19103F-16F7-4668-BE54-9A1E7A4F7556}") = "DevnotMentor.Api", "Devnot.Mentor.Api\DevnotMentor.Api.csproj", "{16BE0557-CF79-4E0A-9234-4540FA838BD0}"
EndProject
Project("{FAE04EC0-301F-11D3-BF4B-00C04F79EFBC}") = "DevnotMentor.Api.UnitTest", "DevnotMentor.Api.UnitTest\DevnotMentor.Api.UnitTest.csproj", "{3E8F027D-84F3-4361-BF8C-FD791654AFF6}"
EndProject
Global
	GlobalSection(SolutionConfigurationPlatforms) = preSolution
		Debug|Any CPU = Debug|Any CPU
		Release|Any CPU = Release|Any CPU
	EndGlobalSection
	GlobalSection(ProjectConfigurationPlatforms) = postSolution
		{16BE0557-CF79-4E0A-9234-4540FA838BD0}.Debug|Any CPU.ActiveCfg = Debug|Any CPU
		{16BE0557-CF79-4E0A-9234-4540FA838BD0}.Debug|Any CPU.Build.0 = Debug|Any CPU
		{16BE0557-CF79-4E0A-9234-4540FA838BD0}.Release|Any CPU.ActiveCfg = Release|Any CPU
		{16BE0557-CF79-4E0A-9234-4540FA838BD0}.Release|Any CPU.Build.0 = Release|Any CPU
		{3E8F027D-84F3-4361-BF8C-FD791654AFF6}.Debug|Any CPU.ActiveCfg = Debug|Any CPU
		{3E8F027D-84F3-4361-BF8C-FD791654AFF6}.Debug|Any CPU.Build.0 = Debug|Any CPU
		{3E8F027D-84F3-4361-BF8C-FD791654AFF6}.Release|Any CPU.ActiveCfg = Release|Any CPU
		{3E8F027D-84F3-4361-BF8C-FD791654AFF6}.Release|Any CPU.Build.0 = Release|Any CPU
	EndGlobalSection
	GlobalSection(SolutionProperties) = preSolution
		HideSolutionNode = FALSE
	EndGlobalSection
	GlobalSection(ExtensibilityGlobals) = postSolution
		SolutionGuid = {1444C00C-2977-4DCC-B773-4228599F207E}
	EndGlobalSection
EndGlobal
